
Microsoft Visual Studio Solution File, Format Version 12.00
Project("{FAE04EC0-301F-11D3-BF4B-00C04F79EFBC}") = "TaskManagementApi", "TaskManagementApi.csproj", "{80E978E3-502B-4DC2-9AB9-AE367264AC4F}"
EndProject
Project("{2150E333-8FDC-42A3-9474-1A3956D46DE8}") = "src", "src", "{BF225645-21D9-4D5D-8F85-E59C722A607A}"
EndProject
Project("{2150E333-8FDC-42A3-9474-1A3956D46DE8}") = "tests", "tests", "{4E8D0E2B-8EE5-4755-8D1E-92D9A44D9F35}"
EndProject
Global
	GlobalSection(SolutionConfigurationPlatforms) = preSolution
		Debug|Any CPU = Debug|Any CPU
		Release|Any CPU = Release|Any CPU
	EndGlobalSection
	GlobalSection(ProjectConfigurationPlatforms) = postSolution
		{80E978E3-502B-4DC2-9AB9-AE367264AC4F}.Debug|Any CPU.ActiveCfg = Debug|Any CPU
		{80E978E3-502B-4DC2-9AB9-AE367264AC4F}.Debug|Any CPU.Build.0 = Debug|Any CPU
		{80E978E3-502B-4DC2-9AB9-AE367264AC4F}.Release|Any CPU.ActiveCfg = Release|Any CPU
		{80E978E3-502B-4DC2-9AB9-AE367264AC4F}.Release|Any CPU.Build.0 = Release|Any CPU
	EndGlobalSection
	GlobalSection(NestedProjects) = preSolution
		{80E978E3-502B-4DC2-9AB9-AE367264AC4F} = {BF225645-21D9-4D5D-8F85-E59C722A607A}
	EndGlobalSection
EndGlobal
